
Microsoft Visual Studio Solution File, Format Version 12.00
# Visual Studio Version 17
VisualStudioVersion = 17.2.32616.157
MinimumVisualStudioVersion = 10.0.40219.1
Project("{FAE04EC0-301F-11D3-BF4B-00C04F79EFBC}") = "traningCsharp", "traningCsharp\traningCsharp.csproj", "{119BF87D-8C36-4B01-9FEF-80FE3FA98D0D}"
EndProject
Global
	GlobalSection(SolutionConfigurationPlatforms) = preSolution
		Debug|Any CPU = Debug|Any CPU
		Release|Any CPU = Release|Any CPU
	EndGlobalSection
	GlobalSection(ProjectConfigurationPlatforms) = postSolution
		{119BF87D-8C36-4B01-9FEF-80FE3FA98D0D}.Debug|Any CPU.ActiveCfg = Debug|Any CPU
		{119BF87D-8C36-4B01-9FEF-80FE3FA98D0D}.Debug|Any CPU.Build.0 = Debug|Any CPU
		{119BF87D-8C36-4B01-9FEF-80FE3FA98D0D}.Release|Any CPU.ActiveCfg = Release|Any CPU
		{119BF87D-8C36-4B01-9FEF-80FE3FA98D0D}.Release|Any CPU.Build.0 = Release|Any CPU
	EndGlobalSection
	GlobalSection(SolutionProperties) = preSolution
		HideSolutionNode = FALSE
	EndGlobalSection
	GlobalSection(ExtensibilityGlobals) = postSolution
		SolutionGuid = {D9E051E6-C50B-49EB-9DE5-CFA10C702C0A}
	EndGlobalSection
EndGlobal
